
Microsoft Visual Studio Solution File, Format Version 12.00
# Visual Studio Version 16
VisualStudioVersion = 16.0.29613.14
MinimumVisualStudioVersion = 10.0.40219.1
Project("{FAE04EC0-301F-11D3-BF4B-00C04F79EFBC}") = "ShoppingCart", "ShoppingCart.csproj", "{EE554ABA-A740-44A3-AE47-FD53D88A5F75}"
EndProject
Global
	GlobalSection(SolutionConfigurationPlatforms) = preSolution
		Debug|Any CPU = Debug|Any CPU
		Release|Any CPU = Release|Any CPU
	EndGlobalSection
	GlobalSection(ProjectConfigurationPlatforms) = postSolution
		{EE554ABA-A740-44A3-AE47-FD53D88A5F75}.Debug|Any CPU.ActiveCfg = Debug|Any CPU
		{EE554ABA-A740-44A3-AE47-FD53D88A5F75}.Debug|Any CPU.Build.0 = Debug|Any CPU
		{EE554ABA-A740-44A3-AE47-FD53D88A5F75}.Release|Any CPU.ActiveCfg = Release|Any CPU
		{EE554ABA-A740-44A3-AE47-FD53D88A5F75}.Release|Any CPU.Build.0 = Release|Any CPU
	EndGlobalSection
	GlobalSection(SolutionProperties) = preSolution
		HideSolutionNode = FALSE
	EndGlobalSection
	GlobalSection(ExtensibilityGlobals) = postSolution
		SolutionGuid = {11E98114-23C0-43F1-9ADE-B46C92B4C9C9}
	EndGlobalSection
EndGlobal
